// !$*UTF8*$!
{
	archiveVersion = 1;
	classes = {
	};
	objectVersion = 50;
	objects = {

/* Begin PBXBuildFile section */
		EB6F948C2611832A0070673D /* SwiftUICoreDataAzamSharpApp.swift in Sources */ = {isa = PBXBuildFile; fileRef = EB6F948B2611832A0070673D /* SwiftUICoreDataAzamSharpApp.swift */; };
		EB6F948E2611832A0070673D /* ContentView.swift in Sources */ = {isa = PBXBuildFile; fileRef = EB6F948D2611832A0070673D /* ContentView.swift */; };
		EB6F94902611832B0070673D /* Assets.xcassets in Resources */ = {isa = PBXBuildFile; fileRef = EB6F948F2611832B0070673D /* Assets.xcassets */; };
		EB6F94932611832B0070673D /* Preview Assets.xcassets in Resources */ = {isa = PBXBuildFile; fileRef = EB6F94922611832B0070673D /* Preview Assets.xcassets */; };
		EB6F94A0261188620070673D /* Persistance.swift in Sources */ = {isa = PBXBuildFile; fileRef = EB6F949F261188620070673D /* Persistance.swift */; };
		EB6F94A4261196930070673D /* CoredataManager.swift in Sources */ = {isa = PBXBuildFile; fileRef = EB6F94A3261196930070673D /* CoredataManager.swift */; };
		EB6F94A9261199480070673D /* MovieList.xcdatamodeld in Sources */ = {isa = PBXBuildFile; fileRef = EB6F94A7261199480070673D /* MovieList.xcdatamodeld */; };
		EB6F94B726119D2B0070673D /* HomeView.swift in Sources */ = {isa = PBXBuildFile; fileRef = EB6F94B626119D2B0070673D /* HomeView.swift */; };
		EB6F94BA26119DCF0070673D /* HomeVIewModel.swift in Sources */ = {isa = PBXBuildFile; fileRef = EB6F94B926119DCF0070673D /* HomeVIewModel.swift */; };
		EB6F94C12611B15E0070673D /* MovieDetailView.swift in Sources */ = {isa = PBXBuildFile; fileRef = EB6F94C02611B15E0070673D /* MovieDetailView.swift */; };
/* End PBXBuildFile section */

/* Begin PBXFileReference section */
		EB6F94882611832A0070673D /* SwiftUICoreDataAzamSharp.app */ = {isa = PBXFileReference; explicitFileType = wrapper.application; includeInIndex = 0; path = SwiftUICoreDataAzamSharp.app; sourceTree = BUILT_PRODUCTS_DIR; };
		EB6F948B2611832A0070673D /* SwiftUICoreDataAzamSharpApp.swift */ = {isa = PBXFileReference; lastKnownFileType = sourcecode.swift; path = SwiftUICoreDataAzamSharpApp.swift; sourceTree = "<group>"; };
		EB6F948D2611832A0070673D /* ContentView.swift */ = {isa = PBXFileReference; lastKnownFileType = sourcecode.swift; path = ContentView.swift; sourceTree = "<group>"; };
		EB6F948F2611832B0070673D /* Assets.xcassets */ = {isa = PBXFileReference; lastKnownFileType = folder.assetcatalog; path = Assets.xcassets; sourceTree = "<group>"; };
		EB6F94922611832B0070673D /* Preview Assets.xcassets */ = {isa = PBXFileReference; lastKnownFileType = folder.assetcatalog; path = "Preview Assets.xcassets"; sourceTree = "<group>"; };
		EB6F94942611832B0070673D /* Info.plist */ = {isa = PBXFileReference; lastKnownFileType = text.plist.xml; path = Info.plist; sourceTree = "<group>"; };
		EB6F949F261188620070673D /* Persistance.swift */ = {isa = PBXFileReference; lastKnownFileType = sourcecode.swift; path = Persistance.swift; sourceTree = "<group>"; };
		EB6F94A3261196930070673D /* CoredataManager.swift */ = {isa = PBXFileReference; lastKnownFileType = sourcecode.swift; path = CoredataManager.swift; sourceTree = "<group>"; };
		EB6F94A8261199480070673D /* TodoList.xcdatamodel */ = {isa = PBXFileReference; lastKnownFileType = wrapper.xcdatamodel; path = TodoList.xcdatamodel; sourceTree = "<group>"; };
		EB6F94B626119D2B0070673D /* HomeView.swift */ = {isa = PBXFileReference; lastKnownFileType = sourcecode.swift; path = HomeView.swift; sourceTree = "<group>"; };
		EB6F94B926119DCF0070673D /* HomeVIewModel.swift */ = {isa = PBXFileReference; lastKnownFileType = sourcecode.swift; path = HomeVIewModel.swift; sourceTree = "<group>"; };
		EB6F94C02611B15E0070673D /* MovieDetailView.swift */ = {isa = PBXFileReference; lastKnownFileType = sourcecode.swift; path = MovieDetailView.swift; sourceTree = "<group>"; };
/* End PBXFileReference section */

/* Begin PBXFrameworksBuildPhase section */
		EB6F94852611832A0070673D /* Frameworks */ = {
			isa = PBXFrameworksBuildPhase;
			buildActionMask = 2147483647;
			files = (
			);
			runOnlyForDeploymentPostprocessing = 0;
		};
/* End PBXFrameworksBuildPhase section */

/* Begin PBXGroup section */
		EB6F947F2611832A0070673D = {
			isa = PBXGroup;
			children = (
				EB6F948A2611832A0070673D /* SwiftUICoreDataAzamSharp */,
				EB6F94892611832A0070673D /* Products */,
			);
			sourceTree = "<group>";
		};
		EB6F94892611832A0070673D /* Products */ = {
			isa = PBXGroup;
			children = (
				EB6F94882611832A0070673D /* SwiftUICoreDataAzamSharp.app */,
			);
			name = Products;
			sourceTree = "<group>";
		};
		EB6F948A2611832A0070673D /* SwiftUICoreDataAzamSharp */ = {
			isa = PBXGroup;
			children = (
				EB6F94B026119CF80070673D /* ViewModels */,
				EB6F94AF26119CF20070673D /* Views */,
				EB6F94AD26119CDE0070673D /* Models */,
				EB6F94A22611966E0070673D /* Managers */,
				EB6F948B2611832A0070673D /* SwiftUICoreDataAzamSharpApp.swift */,
				EB6F948D2611832A0070673D /* ContentView.swift */,
				EB6F948F2611832B0070673D /* Assets.xcassets */,
				EB6F94942611832B0070673D /* Info.plist */,
				EB6F94912611832B0070673D /* Preview Content */,
				EB6F949F261188620070673D /* Persistance.swift */,
				EB6F94A7261199480070673D /* MovieList.xcdatamodeld */,
			);
			path = SwiftUICoreDataAzamSharp;
			sourceTree = "<group>";
		};
		EB6F94912611832B0070673D /* Preview Content */ = {
			isa = PBXGroup;
			children = (
				EB6F94922611832B0070673D /* Preview Assets.xcassets */,
			);
			path = "Preview Content";
			sourceTree = "<group>";
		};
		EB6F94A22611966E0070673D /* Managers */ = {
			isa = PBXGroup;
			children = (
				EB6F94A3261196930070673D /* CoredataManager.swift */,
			);
			path = Managers;
			sourceTree = "<group>";
		};
		EB6F94AD26119CDE0070673D /* Models */ = {
			isa = PBXGroup;
			children = (
			);
			path = Models;
			sourceTree = "<group>";
		};
		EB6F94AF26119CF20070673D /* Views */ = {
			isa = PBXGroup;
			children = (
				EB6F94B626119D2B0070673D /* HomeView.swift */,
				EB6F94C02611B15E0070673D /* MovieDetailView.swift */,
			);
			path = Views;
			sourceTree = "<group>";
		};
		EB6F94B026119CF80070673D /* ViewModels */ = {
			isa = PBXGroup;
			children = (
				EB6F94B926119DCF0070673D /* HomeVIewModel.swift */,
			);
			path = ViewModels;
			sourceTree = "<group>";
		};
/* End PBXGroup section */

/* Begin PBXNativeTarget section */
		EB6F94872611832A0070673D /* SwiftUICoreDataAzamSharp */ = {
			isa = PBXNativeTarget;
			buildConfigurationList = EB6F94972611832B0070673D /* Build configuration list for PBXNativeTarget "SwiftUICoreDataAzamSharp" */;
			buildPhases = (
				EB6F94842611832A0070673D /* Sources */,
				EB6F94852611832A0070673D /* Frameworks */,
				EB6F94862611832A0070673D /* Resources */,
			);
			buildRules = (
			);
			dependencies = (
			);
			name = SwiftUICoreDataAzamSharp;
			productName = SwiftUICoreDataAzamSharp;
			productReference = EB6F94882611832A0070673D /* SwiftUICoreDataAzamSharp.app */;
			productType = "com.apple.product-type.application";
		};
/* End PBXNativeTarget section */

/* Begin PBXProject section */
		EB6F94802611832A0070673D /* Project object */ = {
			isa = PBXProject;
			attributes = {
				LastSwiftUpdateCheck = 1220;
				LastUpgradeCheck = 1220;
				TargetAttributes = {
					EB6F94872611832A0070673D = {
						CreatedOnToolsVersion = 12.2;
					};
				};
			};
			buildConfigurationList = EB6F94832611832A0070673D /* Build configuration list for PBXProject "SwiftUICoreDataAzamSharp" */;
			compatibilityVersion = "Xcode 9.3";
			developmentRegion = en;
			hasScannedForEncodings = 0;
			knownRegions = (
				en,
				Base,
			);
			mainGroup = EB6F947F2611832A0070673D;
			productRefGroup = EB6F94892611832A0070673D /* Products */;
			projectDirPath = "";
			projectRoot = "";
			targets = (
				EB6F94872611832A0070673D /* SwiftUICoreDataAzamSharp */,
			);
		};
/* End PBXProject section */

/* Begin PBXResourcesBuildPhase section */
		EB6F94862611832A0070673D /* Resources */ = {
			isa = PBXResourcesBuildPhase;
			buildActionMask = 2147483647;
			files = (
				EB6F94932611832B0070673D /* Preview Assets.xcassets in Resources */,
				EB6F94902611832B0070673D /* Assets.xcassets in Resources */,
			);
			runOnlyForDeploymentPostprocessing = 0;
		};
/* End PBXResourcesBuildPhase section */

/* Begin PBXSourcesBuildPhase section */
		EB6F94842611832A0070673D /* Sources */ = {
			isa = PBXSourcesBuildPhase;
			buildActionMask = 2147483647;
			files = (
				EB6F948E2611832A0070673D /* ContentView.swift in Sources */,
				EB6F94A4261196930070673D /* CoredataManager.swift in Sources */,
				EB6F94A0261188620070673D /* Persistance.swift in Sources */,
				EB6F94B726119D2B0070673D /* HomeView.swift in Sources */,
				EB6F948C2611832A0070673D /* SwiftUICoreDataAzamSharpApp.swift in Sources */,
				EB6F94A9261199480070673D /* MovieList.xcdatamodeld in Sources */,
				EB6F94C12611B15E0070673D /* MovieDetailView.swift in Sources */,
				EB6F94BA26119DCF0070673D /* HomeVIewModel.swift in Sources */,
			);
			runOnlyForDeploymentPostprocessing = 0;
		};
/* End PBXSourcesBuildPhase section */

/* Begin XCBuildConfiguration section */
		EB6F94952611832B0070673D /* Debug */ = {
			isa = XCBuildConfiguration;
			buildSettings = {
				ALWAYS_SEARCH_USER_PATHS = NO;
				CLANG_ANALYZER_NONNULL = YES;
				CLANG_ANALYZER_NUMBER_OBJECT_CONVERSION = YES_AGGRESSIVE;
				CLANG_CXX_LANGUAGE_STANDARD = "gnu++14";
				CLANG_CXX_LIBRARY = "libc++";
				CLANG_ENABLE_MODULES = YES;
				CLANG_ENABLE_OBJC_ARC = YES;
				CLANG_ENABLE_OBJC_WEAK = YES;
				CLANG_WARN_BLOCK_CAPTURE_AUTORELEASING = YES;
				CLANG_WARN_BOOL_CONVERSION = YES;
				CLANG_WARN_COMMA = YES;
				CLANG_WARN_CONSTANT_CONVERSION = YES;
				CLANG_WARN_DEPRECATED_OBJC_IMPLEMENTATIONS = YES;
				CLANG_WARN_DIRECT_OBJC_ISA_USAGE = YES_ERROR;
				CLANG_WARN_DOCUMENTATION_COMMENTS = YES;
				CLANG_WARN_EMPTY_BODY = YES;
				CLANG_WARN_ENUM_CONVERSION = YES;
				CLANG_WARN_INFINITE_RECURSION = YES;
				CLANG_WARN_INT_CONVERSION = YES;
				CLANG_WARN_NON_LITERAL_NULL_CONVERSION = YES;
				CLANG_WARN_OBJC_IMPLICIT_RETAIN_SELF = YES;
				CLANG_WARN_OBJC_LITERAL_CONVERSION = YES;
				CLANG_WARN_OBJC_ROOT_CLASS = YES_ERROR;
				CLANG_WARN_QUOTED_INCLUDE_IN_FRAMEWORK_HEADER = YES;
				CLANG_WARN_RANGE_LOOP_ANALYSIS = YES;
				CLANG_WARN_STRICT_PROTOTYPES = YES;
				CLANG_WARN_SUSPICIOUS_MOVE = YES;
				CLANG_WARN_UNGUARDED_AVAILABILITY = YES_AGGRESSIVE;
				CLANG_WARN_UNREACHABLE_CODE = YES;
				CLANG_WARN__DUPLICATE_METHOD_MATCH = YES;
				COPY_PHASE_STRIP = NO;
				DEBUG_INFORMATION_FORMAT = dwarf;
				ENABLE_STRICT_OBJC_MSGSEND = YES;
				ENABLE_TESTABILITY = YES;
				GCC_C_LANGUAGE_STANDARD = gnu11;
				GCC_DYNAMIC_NO_PIC = NO;
				GCC_NO_COMMON_BLOCKS = YES;
				GCC_OPTIMIZATION_LEVEL = 0;
				GCC_PREPROCESSOR_DEFINITIONS = (
					"DEBUG=1",
					"$(inherited)",
				);
				GCC_WARN_64_TO_32_BIT_CONVERSION = YES;
				GCC_WARN_ABOUT_RETURN_TYPE = YES_ERROR;
				GCC_WARN_UNDECLARED_SELECTOR = YES;
				GCC_WARN_UNINITIALIZED_AUTOS = YES_AGGRESSIVE;
				GCC_WARN_UNUSED_FUNCTION = YES;
				GCC_WARN_UNUSED_VARIABLE = YES;
				IPHONEOS_DEPLOYMENT_TARGET = 14.2;
				MTL_ENABLE_DEBUG_INFO = INCLUDE_SOURCE;
				MTL_FAST_MATH = YES;
				ONLY_ACTIVE_ARCH = YES;
				SDKROOT = iphoneos;
				SWIFT_ACTIVE_COMPILATION_CONDITIONS = DEBUG;
				SWIFT_OPTIMIZATION_LEVEL = "-Onone";
			};
			name = Debug;
		};
		EB6F94962611832B0070673D /* Release */ = {
			isa = XCBuildConfiguration;
			buildSettings = {
				ALWAYS_SEARCH_USER_PATHS = NO;
				CLANG_ANALYZER_NONNULL = YES;
				CLANG_ANALYZER_NUMBER_OBJECT_CONVERSION = YES_AGGRESSIVE;
				CLANG_CXX_LANGUAGE_STANDARD = "gnu++14";
				CLANG_CXX_LIBRARY = "libc++";
				CLANG_ENABLE_MODULES = YES;
				CLANG_ENABLE_OBJC_ARC = YES;
				CLANG_ENABLE_OBJC_WEAK = YES;
				CLANG_WARN_BLOCK_CAPTURE_AUTORELEASING = YES;
				CLANG_WARN_BOOL_CONVERSION = YES;
				CLANG_WARN_COMMA = YES;
				CLANG_WARN_CONSTANT_CONVERSION = YES;
				CLANG_WARN_DEPRECATED_OBJC_IMPLEMENTATIONS = YES;
				CLANG_WARN_DIRECT_OBJC_ISA_USAGE = YES_ERROR;
				CLANG_WARN_DOCUMENTATION_COMMENTS = YES;
				CLANG_WARN_EMPTY_BODY = YES;
				CLANG_WARN_ENUM_CONVERSION = YES;
				CLANG_WARN_INFINITE_RECURSION = YES;
				CLANG_WARN_INT_CONVERSION = YES;
				CLANG_WARN_NON_LITERAL_NULL_CONVERSION = YES;
				CLANG_WARN_OBJC_IMPLICIT_RETAIN_SELF = YES;
				CLANG_WARN_OBJC_LITERAL_CONVERSION = YES;
				CLANG_WARN_OBJC_ROOT_CLASS = YES_ERROR;
				CLANG_WARN_QUOTED_INCLUDE_IN_FRAMEWORK_HEADER = YES;
				CLANG_WARN_RANGE_LOOP_ANALYSIS = YES;
				CLANG_WARN_STRICT_PROTOTYPES = YES;
				CLANG_WARN_SUSPICIOUS_MOVE = YES;
				CLANG_WARN_UNGUARDED_AVAILABILITY = YES_AGGRESSIVE;
				CLANG_WARN_UNREACHABLE_CODE = YES;
				CLANG_WARN__DUPLICATE_METHOD_MATCH = YES;
				COPY_PHASE_STRIP = NO;
				DEBUG_INFORMATION_FORMAT = "dwarf-with-dsym";
				ENABLE_NS_ASSERTIONS = NO;
				ENABLE_STRICT_OBJC_MSGSEND = YES;
				GCC_C_LANGUAGE_STANDARD = gnu11;
				GCC_NO_COMMON_BLOCKS = YES;
				GCC_WARN_64_TO_32_BIT_CONVERSION = YES;
				GCC_WARN_ABOUT_RETURN_TYPE = YES_ERROR;
				GCC_WARN_UNDECLARED_SELECTOR = YES;
				GCC_WARN_UNINITIALIZED_AUTOS = YES_AGGRESSIVE;
				GCC_WARN_UNUSED_FUNCTION = YES;
				GCC_WARN_UNUSED_VARIABLE = YES;
				IPHONEOS_DEPLOYMENT_TARGET = 14.2;
				MTL_ENABLE_DEBUG_INFO = NO;
				MTL_FAST_MATH = YES;
				SDKROOT = iphoneos;
				SWIFT_COMPILATION_MODE = wholemodule;
				SWIFT_OPTIMIZATION_LEVEL = "-O";
				VALIDATE_PRODUCT = YES;
			};
			name = Release;
		};
		EB6F94982611832B0070673D /* Debug */ = {
			isa = XCBuildConfiguration;
			buildSettings = {
				ASSETCATALOG_COMPILER_APPICON_NAME = AppIcon;
				ASSETCATALOG_COMPILER_GLOBAL_ACCENT_COLOR_NAME = AccentColor;
				CODE_SIGN_STYLE = Automatic;
				DEVELOPMENT_ASSET_PATHS = "\"SwiftUICoreDataAzamSharp/Preview Content\"";
				DEVELOPMENT_TEAM = K924X73642;
				ENABLE_PREVIEWS = YES;
				INFOPLIST_FILE = SwiftUICoreDataAzamSharp/Info.plist;
				IPHONEOS_DEPLOYMENT_TARGET = 14.0;
				LD_RUNPATH_SEARCH_PATHS = (
					"$(inherited)",
					"@executable_path/Frameworks",
				);
				PRODUCT_BUNDLE_IDENTIFIER = com.tanvirgeek.SwiftUICoreDataAzamSharp;
				PRODUCT_NAME = "$(TARGET_NAME)";
				SWIFT_VERSION = 5.0;
				TARGETED_DEVICE_FAMILY = "1,2";
			};
			name = Debug;
		};
		EB6F94992611832B0070673D /* Release */ = {
			isa = XCBuildConfiguration;
			buildSettings = {
				ASSETCATALOG_COMPILER_APPICON_NAME = AppIcon;
				ASSETCATALOG_COMPILER_GLOBAL_ACCENT_COLOR_NAME = AccentColor;
				CODE_SIGN_STYLE = Automatic;
				DEVELOPMENT_ASSET_PATHS = "\"SwiftUICoreDataAzamSharp/Preview Content\"";
				DEVELOPMENT_TEAM = K924X73642;
				ENABLE_PREVIEWS = YES;
				INFOPLIST_FILE = SwiftUICoreDataAzamSharp/Info.plist;
				IPHONEOS_DEPLOYMENT_TARGET = 14.0;
				LD_RUNPATH_SEARCH_PATHS = (
					"$(inherited)",
					"@executable_path/Frameworks",
				);
				PRODUCT_BUNDLE_IDENTIFIER = com.tanvirgeek.SwiftUICoreDataAzamSharp;
				PRODUCT_NAME = "$(TARGET_NAME)";
				SWIFT_VERSION = 5.0;
				TARGETED_DEVICE_FAMILY = "1,2";
			};
			name = Release;
		};
/* End XCBuildConfiguration section */

/* Begin XCConfigurationList section */
		EB6F94832611832A0070673D /* Build configuration list for PBXProject "SwiftUICoreDataAzamSharp" */ = {
			isa = XCConfigurationList;
			buildConfigurations = (
				EB6F94952611832B0070673D /* Debug */,
				EB6F94962611832B0070673D /* Release */,
			);
			defaultConfigurationIsVisible = 0;
			defaultConfigurationName = Release;
		};
		EB6F94972611832B0070673D /* Build configuration list for PBXNativeTarget "SwiftUICoreDataAzamSharp" */ = {
			isa = XCConfigurationList;
			buildConfigurations = (
				EB6F94982611832B0070673D /* Debug */,
				EB6F94992611832B0070673D /* Release */,
			);
			defaultConfigurationIsVisible = 0;
			defaultConfigurationName = Release;
		};
/* End XCConfigurationList section */

/* Begin XCVersionGroup section */
		EB6F94A7261199480070673D /* MovieList.xcdatamodeld */ = {
			isa = XCVersionGroup;
			children = (
				EB6F94A8261199480070673D /* TodoList.xcdatamodel */,
			);
			currentVersion = EB6F94A8261199480070673D /* TodoList.xcdatamodel */;
			path = MovieList.xcdatamodeld;
			sourceTree = "<group>";
			versionGroupType = wrapper.xcdatamodel;
		};
/* End XCVersionGroup section */
	};
	rootObject = EB6F94802611832A0070673D /* Project object */;
}
